
Microsoft Visual Studio Solution File, Format Version 11.00
# Visual Studio 2010
Project("{FAE04EC0-301F-11D3-BF4B-00C04F79EFBC}") = "MaviBlog", "MaviBlog\MaviBlog.csproj", "{3B5529E8-4600-4D4D-AAFC-63BC3AA5423F}"
EndProject
Project("{FAE04EC0-301F-11D3-BF4B-00C04F79EFBC}") = "MaviBlog.Web", "MaviBlog.Web\MaviBlog.Web.csproj", "{CBB73CF6-90FC-48F3-B0CA-EBEA1AE48B8B}"
EndProject
Project("{FAE04EC0-301F-11D3-BF4B-00C04F79EFBC}") = "MaviBlog.Specs", "MaviBlog.Specs\MaviBlog.Specs.csproj", "{29D38E59-842D-49F1-A15D-66C9BD8828F8}"
EndProject
Global
	GlobalSection(SolutionConfigurationPlatforms) = preSolution
		Debug|Any CPU = Debug|Any CPU
		Release|Any CPU = Release|Any CPU
	EndGlobalSection
	GlobalSection(ProjectConfigurationPlatforms) = postSolution
		{3B5529E8-4600-4D4D-AAFC-63BC3AA5423F}.Debug|Any CPU.ActiveCfg = Debug|Any CPU
		{3B5529E8-4600-4D4D-AAFC-63BC3AA5423F}.Debug|Any CPU.Build.0 = Debug|Any CPU
		{3B5529E8-4600-4D4D-AAFC-63BC3AA5423F}.Release|Any CPU.ActiveCfg = Release|Any CPU
		{3B5529E8-4600-4D4D-AAFC-63BC3AA5423F}.Release|Any CPU.Build.0 = Release|Any CPU
		{CBB73CF6-90FC-48F3-B0CA-EBEA1AE48B8B}.Debug|Any CPU.ActiveCfg = Debug|Any CPU
		{CBB73CF6-90FC-48F3-B0CA-EBEA1AE48B8B}.Debug|Any CPU.Build.0 = Debug|Any CPU
		{CBB73CF6-90FC-48F3-B0CA-EBEA1AE48B8B}.Release|Any CPU.ActiveCfg = Release|Any CPU
		{CBB73CF6-90FC-48F3-B0CA-EBEA1AE48B8B}.Release|Any CPU.Build.0 = Release|Any CPU
		{29D38E59-842D-49F1-A15D-66C9BD8828F8}.Debug|Any CPU.ActiveCfg = Debug|Any CPU
		{29D38E59-842D-49F1-A15D-66C9BD8828F8}.Debug|Any CPU.Build.0 = Debug|Any CPU
		{29D38E59-842D-49F1-A15D-66C9BD8828F8}.Release|Any CPU.ActiveCfg = Release|Any CPU
		{29D38E59-842D-49F1-A15D-66C9BD8828F8}.Release|Any CPU.Build.0 = Release|Any CPU
	EndGlobalSection
	GlobalSection(SolutionProperties) = preSolution
		HideSolutionNode = FALSE
	EndGlobalSection
EndGlobal
